
Microsoft Visual Studio Solution File, Format Version 12.00
# Visual Studio Version 17
VisualStudioVersion = 17.5.002.0
MinimumVisualStudioVersion = 10.0.40219.1
Project("{9A19103F-16F7-4668-BE54-9A1E7A4F7556}") = "MenuInterativoBasicoCsharp", "MenuInterativoBasicoCsharp.csproj", "{225B176C-C332-44D0-A855-EA132B587A08}"
EndProject
Global
	GlobalSection(SolutionConfigurationPlatforms) = preSolution
		Debug|Any CPU = Debug|Any CPU
		Release|Any CPU = Release|Any CPU
	EndGlobalSection
	GlobalSection(ProjectConfigurationPlatforms) = postSolution
		{225B176C-C332-44D0-A855-EA132B587A08}.Debug|Any CPU.ActiveCfg = Debug|Any CPU
		{225B176C-C332-44D0-A855-EA132B587A08}.Debug|Any CPU.Build.0 = Debug|Any CPU
		{225B176C-C332-44D0-A855-EA132B587A08}.Release|Any CPU.ActiveCfg = Release|Any CPU
		{225B176C-C332-44D0-A855-EA132B587A08}.Release|Any CPU.Build.0 = Release|Any CPU
	EndGlobalSection
	GlobalSection(SolutionProperties) = preSolution
		HideSolutionNode = FALSE
	EndGlobalSection
	GlobalSection(ExtensibilityGlobals) = postSolution
		SolutionGuid = {42FD4837-592E-4729-85DF-B48D0AF45B55}
	EndGlobalSection
EndGlobal
